
Microsoft Visual Studio Solution File, Format Version 12.00
# Visual Studio Version 16
VisualStudioVersion = 16.0.32413.511
MinimumVisualStudioVersion = 10.0.40219.1
Project("{8BC9CEB8-8B4A-11D0-8D11-00A0C91BC942}") = "ClientU", "ClientU\ClientU.vcxproj", "{9B838D18-E2C3-4B58-BC9A-EFFBC2CE26EF}"
EndProject
Global
	GlobalSection(SolutionConfigurationPlatforms) = preSolution
		Debug|x64 = Debug|x64
		Debug|x86 = Debug|x86
		Release|x64 = Release|x64
		Release|x86 = Release|x86
	EndGlobalSection
	GlobalSection(ProjectConfigurationPlatforms) = postSolution
		{9B838D18-E2C3-4B58-BC9A-EFFBC2CE26EF}.Debug|x64.ActiveCfg = Debug|x64
		{9B838D18-E2C3-4B58-BC9A-EFFBC2CE26EF}.Debug|x64.Build.0 = Debug|x64
		{9B838D18-E2C3-4B58-BC9A-EFFBC2CE26EF}.Debug|x86.ActiveCfg = Debug|Win32
		{9B838D18-E2C3-4B58-BC9A-EFFBC2CE26EF}.Debug|x86.Build.0 = Debug|Win32
		{9B838D18-E2C3-4B58-BC9A-EFFBC2CE26EF}.Release|x64.ActiveCfg = Release|x64
		{9B838D18-E2C3-4B58-BC9A-EFFBC2CE26EF}.Release|x64.Build.0 = Release|x64
		{9B838D18-E2C3-4B58-BC9A-EFFBC2CE26EF}.Release|x86.ActiveCfg = Release|Win32
		{9B838D18-E2C3-4B58-BC9A-EFFBC2CE26EF}.Release|x86.Build.0 = Release|Win32
	EndGlobalSection
	GlobalSection(SolutionProperties) = preSolution
		HideSolutionNode = FALSE
	EndGlobalSection
	GlobalSection(ExtensibilityGlobals) = postSolution
		SolutionGuid = {9622489E-6EC9-4606-A798-978F9F280F21}
	EndGlobalSection
EndGlobal
